// !$*UTF8*$!
{
	archiveVersion = 1;
	classes = {
	};
	objectVersion = 56;
	objects = {

/* Begin PBXBuildFile section */
		A57264012A0A6D1A00F5F1DE /* AddToCartDomain.swift in Sources */ = {isa = PBXBuildFile; fileRef = A57264002A0A6D1A00F5F1DE /* AddToCartDomain.swift */; };
		A57264052A0A731700F5F1DE /* AddToCartButton.swift in Sources */ = {isa = PBXBuildFile; fileRef = A57264042A0A731700F5F1DE /* AddToCartButton.swift */; };
		A57264082A0A754C00F5F1DE /* ProductDomain.swift in Sources */ = {isa = PBXBuildFile; fileRef = A57264072A0A754C00F5F1DE /* ProductDomain.swift */; };
		A572640A2A0A757C00F5F1DE /* Product.swift in Sources */ = {isa = PBXBuildFile; fileRef = A57264092A0A757C00F5F1DE /* Product.swift */; };
		A572640C2A0A7F8900F5F1DE /* ProductCell.swift in Sources */ = {isa = PBXBuildFile; fileRef = A572640B2A0A7F8900F5F1DE /* ProductCell.swift */; };
		A572640F2A0ABBA500F5F1DE /* ProductListDomain.swift in Sources */ = {isa = PBXBuildFile; fileRef = A572640E2A0ABBA500F5F1DE /* ProductListDomain.swift */; };
		A57264112A0AC1FB00F5F1DE /* ProductListView.swift in Sources */ = {isa = PBXBuildFile; fileRef = A57264102A0AC1FB00F5F1DE /* ProductListView.swift */; };
		A581C51A29E151EE00BDEB78 /* CardView.swift in Sources */ = {isa = PBXBuildFile; fileRef = A581C51929E151EE00BDEB78 /* CardView.swift */; };
		A5AA2BDB29E0711E0078975E /* TCA_StoreApp.swift in Sources */ = {isa = PBXBuildFile; fileRef = A5AA2BDA29E0711E0078975E /* TCA_StoreApp.swift */; };
		A5AA2BDD29E0711E0078975E /* ContentView.swift in Sources */ = {isa = PBXBuildFile; fileRef = A5AA2BDC29E0711E0078975E /* ContentView.swift */; };
		A5AA2BDF29E071200078975E /* Assets.xcassets in Resources */ = {isa = PBXBuildFile; fileRef = A5AA2BDE29E071200078975E /* Assets.xcassets */; };
		A5AA2BE229E071200078975E /* Preview Assets.xcassets in Resources */ = {isa = PBXBuildFile; fileRef = A5AA2BE129E071200078975E /* Preview Assets.xcassets */; };
		A5AA2BEA29E07C420078975E /* ComposableArchitecture in Frameworks */ = {isa = PBXBuildFile; productRef = A5AA2BE929E07C420078975E /* ComposableArchitecture */; };
		A5AA2BEC29E14B2B0078975E /* PlusMinusButton.swift in Sources */ = {isa = PBXBuildFile; fileRef = A5AA2BEB29E14B2B0078975E /* PlusMinusButton.swift */; };
/* End PBXBuildFile section */

/* Begin PBXFileReference section */
		A57264002A0A6D1A00F5F1DE /* AddToCartDomain.swift */ = {isa = PBXFileReference; lastKnownFileType = sourcecode.swift; path = AddToCartDomain.swift; sourceTree = "<group>"; };
		A57264042A0A731700F5F1DE /* AddToCartButton.swift */ = {isa = PBXFileReference; lastKnownFileType = sourcecode.swift; path = AddToCartButton.swift; sourceTree = "<group>"; };
		A57264072A0A754C00F5F1DE /* ProductDomain.swift */ = {isa = PBXFileReference; lastKnownFileType = sourcecode.swift; path = ProductDomain.swift; sourceTree = "<group>"; };
		A57264092A0A757C00F5F1DE /* Product.swift */ = {isa = PBXFileReference; lastKnownFileType = sourcecode.swift; path = Product.swift; sourceTree = "<group>"; };
		A572640B2A0A7F8900F5F1DE /* ProductCell.swift */ = {isa = PBXFileReference; lastKnownFileType = sourcecode.swift; path = ProductCell.swift; sourceTree = "<group>"; };
		A572640E2A0ABBA500F5F1DE /* ProductListDomain.swift */ = {isa = PBXFileReference; lastKnownFileType = sourcecode.swift; path = ProductListDomain.swift; sourceTree = "<group>"; };
		A57264102A0AC1FB00F5F1DE /* ProductListView.swift */ = {isa = PBXFileReference; lastKnownFileType = sourcecode.swift; path = ProductListView.swift; sourceTree = "<group>"; };
		A581C51929E151EE00BDEB78 /* CardView.swift */ = {isa = PBXFileReference; lastKnownFileType = sourcecode.swift; path = CardView.swift; sourceTree = "<group>"; };
		A5AA2BD729E0711E0078975E /* TCA Store.app */ = {isa = PBXFileReference; explicitFileType = wrapper.application; includeInIndex = 0; path = "TCA Store.app"; sourceTree = BUILT_PRODUCTS_DIR; };
		A5AA2BDA29E0711E0078975E /* TCA_StoreApp.swift */ = {isa = PBXFileReference; lastKnownFileType = sourcecode.swift; path = TCA_StoreApp.swift; sourceTree = "<group>"; };
		A5AA2BDC29E0711E0078975E /* ContentView.swift */ = {isa = PBXFileReference; lastKnownFileType = sourcecode.swift; path = ContentView.swift; sourceTree = "<group>"; };
		A5AA2BDE29E071200078975E /* Assets.xcassets */ = {isa = PBXFileReference; lastKnownFileType = folder.assetcatalog; path = Assets.xcassets; sourceTree = "<group>"; };
		A5AA2BE129E071200078975E /* Preview Assets.xcassets */ = {isa = PBXFileReference; lastKnownFileType = folder.assetcatalog; path = "Preview Assets.xcassets"; sourceTree = "<group>"; };
		A5AA2BEB29E14B2B0078975E /* PlusMinusButton.swift */ = {isa = PBXFileReference; lastKnownFileType = sourcecode.swift; path = PlusMinusButton.swift; sourceTree = "<group>"; };
/* End PBXFileReference section */

/* Begin PBXFrameworksBuildPhase section */
		A5AA2BD429E0711E0078975E /* Frameworks */ = {
			isa = PBXFrameworksBuildPhase;
			buildActionMask = 2147483647;
			files = (
				A5AA2BEA29E07C420078975E /* ComposableArchitecture in Frameworks */,
			);
			runOnlyForDeploymentPostprocessing = 0;
		};
/* End PBXFrameworksBuildPhase section */

/* Begin PBXGroup section */
		A57264032A0A700C00F5F1DE /* AddToCart */ = {
			isa = PBXGroup;
			children = (
				A5AA2BEB29E14B2B0078975E /* PlusMinusButton.swift */,
				A57264002A0A6D1A00F5F1DE /* AddToCartDomain.swift */,
				A57264042A0A731700F5F1DE /* AddToCartButton.swift */,
			);
			path = AddToCart;
			sourceTree = "<group>";
		};
		A57264062A0A753200F5F1DE /* Product */ = {
			isa = PBXGroup;
			children = (
				A57264072A0A754C00F5F1DE /* ProductDomain.swift */,
				A57264092A0A757C00F5F1DE /* Product.swift */,
				A572640B2A0A7F8900F5F1DE /* ProductCell.swift */,
			);
			path = Product;
			sourceTree = "<group>";
		};
		A572640D2A0ABB8C00F5F1DE /* ProductList */ = {
			isa = PBXGroup;
			children = (
				A572640E2A0ABBA500F5F1DE /* ProductListDomain.swift */,
				A57264102A0AC1FB00F5F1DE /* ProductListView.swift */,
			);
			path = ProductList;
			sourceTree = "<group>";
		};
		A5AA2BCE29E0711E0078975E = {
			isa = PBXGroup;
			children = (
				A5AA2BD929E0711E0078975E /* TCA Store */,
				A5AA2BD829E0711E0078975E /* Products */,
			);
			sourceTree = "<group>";
		};
		A5AA2BD829E0711E0078975E /* Products */ = {
			isa = PBXGroup;
			children = (
				A5AA2BD729E0711E0078975E /* TCA Store.app */,
			);
			name = Products;
			sourceTree = "<group>";
		};
		A5AA2BD929E0711E0078975E /* TCA Store */ = {
			isa = PBXGroup;
			children = (
				A572640D2A0ABB8C00F5F1DE /* ProductList */,
				A57264062A0A753200F5F1DE /* Product */,
				A5AA2BDA29E0711E0078975E /* TCA_StoreApp.swift */,
				A5AA2BDC29E0711E0078975E /* ContentView.swift */,
				A57264032A0A700C00F5F1DE /* AddToCart */,
				A581C51929E151EE00BDEB78 /* CardView.swift */,
				A5AA2BDE29E071200078975E /* Assets.xcassets */,
				A5AA2BE029E071200078975E /* Preview Content */,
			);
			path = "TCA Store";
			sourceTree = "<group>";
		};
		A5AA2BE029E071200078975E /* Preview Content */ = {
			isa = PBXGroup;
			children = (
				A5AA2BE129E071200078975E /* Preview Assets.xcassets */,
			);
			path = "Preview Content";
			sourceTree = "<group>";
		};
/* End PBXGroup section */

/* Begin PBXNativeTarget section */
		A5AA2BD629E0711E0078975E /* TCA Store */ = {
			isa = PBXNativeTarget;
			buildConfigurationList = A5AA2BE529E071200078975E /* Build configuration list for PBXNativeTarget "TCA Store" */;
			buildPhases = (
				A5AA2BD329E0711E0078975E /* Sources */,
				A5AA2BD429E0711E0078975E /* Frameworks */,
				A5AA2BD529E0711E0078975E /* Resources */,
			);
			buildRules = (
			);
			dependencies = (
			);
			name = "TCA Store";
			packageProductDependencies = (
				A5AA2BE929E07C420078975E /* ComposableArchitecture */,
			);
			productName = "TCA Store";
			productReference = A5AA2BD729E0711E0078975E /* TCA Store.app */;
			productType = "com.apple.product-type.application";
		};
/* End PBXNativeTarget section */

/* Begin PBXProject section */
		A5AA2BCF29E0711E0078975E /* Project object */ = {
			isa = PBXProject;
			attributes = {
				BuildIndependentTargetsInParallel = 1;
				LastSwiftUpdateCheck = 1420;
				LastUpgradeCheck = 1420;
				TargetAttributes = {
					A5AA2BD629E0711E0078975E = {
						CreatedOnToolsVersion = 14.2;
					};
				};
			};
			buildConfigurationList = A5AA2BD229E0711E0078975E /* Build configuration list for PBXProject "TCA Store" */;
			compatibilityVersion = "Xcode 14.0";
			developmentRegion = en;
			hasScannedForEncodings = 0;
			knownRegions = (
				en,
				Base,
			);
			mainGroup = A5AA2BCE29E0711E0078975E;
			packageReferences = (
				A5AA2BE829E07C420078975E /* XCRemoteSwiftPackageReference "swift-composable-architecture" */,
			);
			productRefGroup = A5AA2BD829E0711E0078975E /* Products */;
			projectDirPath = "";
			projectRoot = "";
			targets = (
				A5AA2BD629E0711E0078975E /* TCA Store */,
			);
		};
/* End PBXProject section */

/* Begin PBXResourcesBuildPhase section */
		A5AA2BD529E0711E0078975E /* Resources */ = {
			isa = PBXResourcesBuildPhase;
			buildActionMask = 2147483647;
			files = (
				A5AA2BE229E071200078975E /* Preview Assets.xcassets in Resources */,
				A5AA2BDF29E071200078975E /* Assets.xcassets in Resources */,
			);
			runOnlyForDeploymentPostprocessing = 0;
		};
/* End PBXResourcesBuildPhase section */

/* Begin PBXSourcesBuildPhase section */
		A5AA2BD329E0711E0078975E /* Sources */ = {
			isa = PBXSourcesBuildPhase;
			buildActionMask = 2147483647;
			files = (
				A57264112A0AC1FB00F5F1DE /* ProductListView.swift in Sources */,
				A5AA2BDD29E0711E0078975E /* ContentView.swift in Sources */,
				A572640A2A0A757C00F5F1DE /* Product.swift in Sources */,
				A5AA2BDB29E0711E0078975E /* TCA_StoreApp.swift in Sources */,
				A581C51A29E151EE00BDEB78 /* CardView.swift in Sources */,
				A57264082A0A754C00F5F1DE /* ProductDomain.swift in Sources */,
				A572640F2A0ABBA500F5F1DE /* ProductListDomain.swift in Sources */,
				A5AA2BEC29E14B2B0078975E /* PlusMinusButton.swift in Sources */,
				A572640C2A0A7F8900F5F1DE /* ProductCell.swift in Sources */,
				A57264052A0A731700F5F1DE /* AddToCartButton.swift in Sources */,
				A57264012A0A6D1A00F5F1DE /* AddToCartDomain.swift in Sources */,
			);
			runOnlyForDeploymentPostprocessing = 0;
		};
/* End PBXSourcesBuildPhase section */

/* Begin XCBuildConfiguration section */
		A5AA2BE329E071200078975E /* Debug */ = {
			isa = XCBuildConfiguration;
			buildSettings = {
				ALWAYS_SEARCH_USER_PATHS = NO;
				CLANG_ANALYZER_NONNULL = YES;
				CLANG_ANALYZER_NUMBER_OBJECT_CONVERSION = YES_AGGRESSIVE;
				CLANG_CXX_LANGUAGE_STANDARD = "gnu++20";
				CLANG_ENABLE_MODULES = YES;
				CLANG_ENABLE_OBJC_ARC = YES;
				CLANG_ENABLE_OBJC_WEAK = YES;
				CLANG_WARN_BLOCK_CAPTURE_AUTORELEASING = YES;
				CLANG_WARN_BOOL_CONVERSION = YES;
				CLANG_WARN_COMMA = YES;
				CLANG_WARN_CONSTANT_CONVERSION = YES;
				CLANG_WARN_DEPRECATED_OBJC_IMPLEMENTATIONS = YES;
				CLANG_WARN_DIRECT_OBJC_ISA_USAGE = YES_ERROR;
				CLANG_WARN_DOCUMENTATION_COMMENTS = YES;
				CLANG_WARN_EMPTY_BODY = YES;
				CLANG_WARN_ENUM_CONVERSION = YES;
				CLANG_WARN_INFINITE_RECURSION = YES;
				CLANG_WARN_INT_CONVERSION = YES;
				CLANG_WARN_NON_LITERAL_NULL_CONVERSION = YES;
				CLANG_WARN_OBJC_IMPLICIT_RETAIN_SELF = YES;
				CLANG_WARN_OBJC_LITERAL_CONVERSION = YES;
				CLANG_WARN_OBJC_ROOT_CLASS = YES_ERROR;
				CLANG_WARN_QUOTED_INCLUDE_IN_FRAMEWORK_HEADER = YES;
				CLANG_WARN_RANGE_LOOP_ANALYSIS = YES;
				CLANG_WARN_STRICT_PROTOTYPES = YES;
				CLANG_WARN_SUSPICIOUS_MOVE = YES;
				CLANG_WARN_UNGUARDED_AVAILABILITY = YES_AGGRESSIVE;
				CLANG_WARN_UNREACHABLE_CODE = YES;
				CLANG_WARN__DUPLICATE_METHOD_MATCH = YES;
				COPY_PHASE_STRIP = NO;
				DEBUG_INFORMATION_FORMAT = dwarf;
				ENABLE_STRICT_OBJC_MSGSEND = YES;
				ENABLE_TESTABILITY = YES;
				GCC_C_LANGUAGE_STANDARD = gnu11;
				GCC_DYNAMIC_NO_PIC = NO;
				GCC_NO_COMMON_BLOCKS = YES;
				GCC_OPTIMIZATION_LEVEL = 0;
				GCC_PREPROCESSOR_DEFINITIONS = (
					"DEBUG=1",
					"$(inherited)",
				);
				GCC_WARN_64_TO_32_BIT_CONVERSION = YES;
				GCC_WARN_ABOUT_RETURN_TYPE = YES_ERROR;
				GCC_WARN_UNDECLARED_SELECTOR = YES;
				GCC_WARN_UNINITIALIZED_AUTOS = YES_AGGRESSIVE;
				GCC_WARN_UNUSED_FUNCTION = YES;
				GCC_WARN_UNUSED_VARIABLE = YES;
				IPHONEOS_DEPLOYMENT_TARGET = 16.2;
				MTL_ENABLE_DEBUG_INFO = INCLUDE_SOURCE;
				MTL_FAST_MATH = YES;
				ONLY_ACTIVE_ARCH = YES;
				SDKROOT = iphoneos;
				SWIFT_ACTIVE_COMPILATION_CONDITIONS = DEBUG;
				SWIFT_OPTIMIZATION_LEVEL = "-Onone";
			};
			name = Debug;
		};
		A5AA2BE429E071200078975E /* Release */ = {
			isa = XCBuildConfiguration;
			buildSettings = {
				ALWAYS_SEARCH_USER_PATHS = NO;
				CLANG_ANALYZER_NONNULL = YES;
				CLANG_ANALYZER_NUMBER_OBJECT_CONVERSION = YES_AGGRESSIVE;
				CLANG_CXX_LANGUAGE_STANDARD = "gnu++20";
				CLANG_ENABLE_MODULES = YES;
				CLANG_ENABLE_OBJC_ARC = YES;
				CLANG_ENABLE_OBJC_WEAK = YES;
				CLANG_WARN_BLOCK_CAPTURE_AUTORELEASING = YES;
				CLANG_WARN_BOOL_CONVERSION = YES;
				CLANG_WARN_COMMA = YES;
				CLANG_WARN_CONSTANT_CONVERSION = YES;
				CLANG_WARN_DEPRECATED_OBJC_IMPLEMENTATIONS = YES;
				CLANG_WARN_DIRECT_OBJC_ISA_USAGE = YES_ERROR;
				CLANG_WARN_DOCUMENTATION_COMMENTS = YES;
				CLANG_WARN_EMPTY_BODY = YES;
				CLANG_WARN_ENUM_CONVERSION = YES;
				CLANG_WARN_INFINITE_RECURSION = YES;
				CLANG_WARN_INT_CONVERSION = YES;
				CLANG_WARN_NON_LITERAL_NULL_CONVERSION = YES;
				CLANG_WARN_OBJC_IMPLICIT_RETAIN_SELF = YES;
				CLANG_WARN_OBJC_LITERAL_CONVERSION = YES;
				CLANG_WARN_OBJC_ROOT_CLASS = YES_ERROR;
				CLANG_WARN_QUOTED_INCLUDE_IN_FRAMEWORK_HEADER = YES;
				CLANG_WARN_RANGE_LOOP_ANALYSIS = YES;
				CLANG_WARN_STRICT_PROTOTYPES = YES;
				CLANG_WARN_SUSPICIOUS_MOVE = YES;
				CLANG_WARN_UNGUARDED_AVAILABILITY = YES_AGGRESSIVE;
				CLANG_WARN_UNREACHABLE_CODE = YES;
				CLANG_WARN__DUPLICATE_METHOD_MATCH = YES;
				COPY_PHASE_STRIP = NO;
				DEBUG_INFORMATION_FORMAT = "dwarf-with-dsym";
				ENABLE_NS_ASSERTIONS = NO;
				ENABLE_STRICT_OBJC_MSGSEND = YES;
				GCC_C_LANGUAGE_STANDARD = gnu11;
				GCC_NO_COMMON_BLOCKS = YES;
				GCC_WARN_64_TO_32_BIT_CONVERSION = YES;
				GCC_WARN_ABOUT_RETURN_TYPE = YES_ERROR;
				GCC_WARN_UNDECLARED_SELECTOR = YES;
				GCC_WARN_UNINITIALIZED_AUTOS = YES_AGGRESSIVE;
				GCC_WARN_UNUSED_FUNCTION = YES;
				GCC_WARN_UNUSED_VARIABLE = YES;
				IPHONEOS_DEPLOYMENT_TARGET = 16.2;
				MTL_ENABLE_DEBUG_INFO = NO;
				MTL_FAST_MATH = YES;
				SDKROOT = iphoneos;
				SWIFT_COMPILATION_MODE = wholemodule;
				SWIFT_OPTIMIZATION_LEVEL = "-O";
				VALIDATE_PRODUCT = YES;
			};
			name = Release;
		};
		A5AA2BE629E071200078975E /* Debug */ = {
			isa = XCBuildConfiguration;
			buildSettings = {
				ASSETCATALOG_COMPILER_APPICON_NAME = AppIcon;
				ASSETCATALOG_COMPILER_GLOBAL_ACCENT_COLOR_NAME = AccentColor;
				CODE_SIGN_STYLE = Automatic;
				CURRENT_PROJECT_VERSION = 1;
				DEVELOPMENT_ASSET_PATHS = "\"TCA Store/Preview Content\"";
				DEVELOPMENT_TEAM = 4SN74J4HZJ;
				ENABLE_PREVIEWS = YES;
				GENERATE_INFOPLIST_FILE = YES;
				INFOPLIST_KEY_UIApplicationSceneManifest_Generation = YES;
				INFOPLIST_KEY_UIApplicationSupportsIndirectInputEvents = YES;
				INFOPLIST_KEY_UILaunchScreen_Generation = YES;
				INFOPLIST_KEY_UISupportedInterfaceOrientations_iPad = "UIInterfaceOrientationPortrait UIInterfaceOrientationPortraitUpsideDown UIInterfaceOrientationLandscapeLeft UIInterfaceOrientationLandscapeRight";
				INFOPLIST_KEY_UISupportedInterfaceOrientations_iPhone = "UIInterfaceOrientationPortrait UIInterfaceOrientationLandscapeLeft UIInterfaceOrientationLandscapeRight";
				LD_RUNPATH_SEARCH_PATHS = (
					"$(inherited)",
					"@executable_path/Frameworks",
				);
				MARKETING_VERSION = 1.0;
				PRODUCT_BUNDLE_IDENTIFIER = "com.widdsss.TCA-Store";
				PRODUCT_NAME = "$(TARGET_NAME)";
				SWIFT_EMIT_LOC_STRINGS = YES;
				SWIFT_VERSION = 5.0;
				TARGETED_DEVICE_FAMILY = "1,2";
			};
			name = Debug;
		};
		A5AA2BE729E071200078975E /* Release */ = {
			isa = XCBuildConfiguration;
			buildSettings = {
				ASSETCATALOG_COMPILER_APPICON_NAME = AppIcon;
				ASSETCATALOG_COMPILER_GLOBAL_ACCENT_COLOR_NAME = AccentColor;
				CODE_SIGN_STYLE = Automatic;
				CURRENT_PROJECT_VERSION = 1;
				DEVELOPMENT_ASSET_PATHS = "\"TCA Store/Preview Content\"";
				DEVELOPMENT_TEAM = 4SN74J4HZJ;
				ENABLE_PREVIEWS = YES;
				GENERATE_INFOPLIST_FILE = YES;
				INFOPLIST_KEY_UIApplicationSceneManifest_Generation = YES;
				INFOPLIST_KEY_UIApplicationSupportsIndirectInputEvents = YES;
				INFOPLIST_KEY_UILaunchScreen_Generation = YES;
				INFOPLIST_KEY_UISupportedInterfaceOrientations_iPad = "UIInterfaceOrientationPortrait UIInterfaceOrientationPortraitUpsideDown UIInterfaceOrientationLandscapeLeft UIInterfaceOrientationLandscapeRight";
				INFOPLIST_KEY_UISupportedInterfaceOrientations_iPhone = "UIInterfaceOrientationPortrait UIInterfaceOrientationLandscapeLeft UIInterfaceOrientationLandscapeRight";
				LD_RUNPATH_SEARCH_PATHS = (
					"$(inherited)",
					"@executable_path/Frameworks",
				);
				MARKETING_VERSION = 1.0;
				PRODUCT_BUNDLE_IDENTIFIER = "com.widdsss.TCA-Store";
				PRODUCT_NAME = "$(TARGET_NAME)";
				SWIFT_EMIT_LOC_STRINGS = YES;
				SWIFT_VERSION = 5.0;
				TARGETED_DEVICE_FAMILY = "1,2";
			};
			name = Release;
		};
/* End XCBuildConfiguration section */

/* Begin XCConfigurationList section */
		A5AA2BD229E0711E0078975E /* Build configuration list for PBXProject "TCA Store" */ = {
			isa = XCConfigurationList;
			buildConfigurations = (
				A5AA2BE329E071200078975E /* Debug */,
				A5AA2BE429E071200078975E /* Release */,
			);
			defaultConfigurationIsVisible = 0;
			defaultConfigurationName = Release;
		};
		A5AA2BE529E071200078975E /* Build configuration list for PBXNativeTarget "TCA Store" */ = {
			isa = XCConfigurationList;
			buildConfigurations = (
				A5AA2BE629E071200078975E /* Debug */,
				A5AA2BE729E071200078975E /* Release */,
			);
			defaultConfigurationIsVisible = 0;
			defaultConfigurationName = Release;
		};
/* End XCConfigurationList section */

/* Begin XCRemoteSwiftPackageReference section */
		A5AA2BE829E07C420078975E /* XCRemoteSwiftPackageReference "swift-composable-architecture" */ = {
			isa = XCRemoteSwiftPackageReference;
			repositoryURL = "https://github.com/pointfreeco/swift-composable-architecture";
			requirement = {
				kind = upToNextMajorVersion;
				minimumVersion = 0.9.0;
			};
		};
/* End XCRemoteSwiftPackageReference section */

/* Begin XCSwiftPackageProductDependency section */
		A5AA2BE929E07C420078975E /* ComposableArchitecture */ = {
			isa = XCSwiftPackageProductDependency;
			package = A5AA2BE829E07C420078975E /* XCRemoteSwiftPackageReference "swift-composable-architecture" */;
			productName = ComposableArchitecture;
		};
/* End XCSwiftPackageProductDependency section */
	};
	rootObject = A5AA2BCF29E0711E0078975E /* Project object */;
}
